// !$*UTF8*$!
{
	archiveVersion = 1;
	classes = {
	};
	objectVersion = 51;
	objects = {

/* Begin PBXBuildFile section */
		3B5B945A24B872C20003B3EC /* AppDelegate.swift in Sources */ = {isa = PBXBuildFile; fileRef = 3B5B945924B872C20003B3EC /* AppDelegate.swift */; };
		3B5B945C24B872C20003B3EC /* SceneDelegate.swift in Sources */ = {isa = PBXBuildFile; fileRef = 3B5B945B24B872C20003B3EC /* SceneDelegate.swift */; };
		3B5B945E24B872C20003B3EC /* ConversationsViewController.swift in Sources */ = {isa = PBXBuildFile; fileRef = 3B5B945D24B872C20003B3EC /* ConversationsViewController.swift */; };
		3B5B946124B872C20003B3EC /* Main.storyboard in Resources */ = {isa = PBXBuildFile; fileRef = 3B5B945F24B872C20003B3EC /* Main.storyboard */; };
		3B5B946324B872C50003B3EC /* Assets.xcassets in Resources */ = {isa = PBXBuildFile; fileRef = 3B5B946224B872C50003B3EC /* Assets.xcassets */; };
		3B5B946624B872C50003B3EC /* LaunchScreen.storyboard in Resources */ = {isa = PBXBuildFile; fileRef = 3B5B946424B872C50003B3EC /* LaunchScreen.storyboard */; };
		3B5B947424B8745D0003B3EC /* LoginViewController.swift in Sources */ = {isa = PBXBuildFile; fileRef = 3B5B947324B8745D0003B3EC /* LoginViewController.swift */; };
		3B5B947624B874950003B3EC /* RegisterViewController.swift in Sources */ = {isa = PBXBuildFile; fileRef = 3B5B947524B874950003B3EC /* RegisterViewController.swift */; };
		3B5B947924B874CE0003B3EC /* PhotoViewerViewController.swift in Sources */ = {isa = PBXBuildFile; fileRef = 3B5B947824B874CE0003B3EC /* PhotoViewerViewController.swift */; };
		3B5B947C24B874F00003B3EC /* VideoPlayerViewController.swift in Sources */ = {isa = PBXBuildFile; fileRef = 3B5B947B24B874F00003B3EC /* VideoPlayerViewController.swift */; };
		3B5B947E24B8753B0003B3EC /* NewConversationViewController.swift in Sources */ = {isa = PBXBuildFile; fileRef = 3B5B947D24B8753B0003B3EC /* NewConversationViewController.swift */; };
		3B5B948024B875500003B3EC /* ProfileViewController.swift in Sources */ = {isa = PBXBuildFile; fileRef = 3B5B947F24B875500003B3EC /* ProfileViewController.swift */; };
		3B6C5F8824E38EDD000349DD /* ConversationTableViewCell.swift in Sources */ = {isa = PBXBuildFile; fileRef = 3B6C5F8724E38EDD000349DD /* ConversationTableViewCell.swift */; };
		3B6F91DD24C34AC5005D7C6E /* DatabaseManager.swift in Sources */ = {isa = PBXBuildFile; fileRef = 3B6F91DC24C34AC5005D7C6E /* DatabaseManager.swift */; };
		3B9FA5B824CE9EAA0091651A /* ChatViewController.swift in Sources */ = {isa = PBXBuildFile; fileRef = 3B9FA5B724CE9EAA0091651A /* ChatViewController.swift */; };
		3BE2222924D1206E0066137C /* StorageManager.swift in Sources */ = {isa = PBXBuildFile; fileRef = 3BE2222824D1206E0066137C /* StorageManager.swift */; };
		3BE6E30D24BDCCD7009E18CB /* GoogleService-Info.plist in Resources */ = {isa = PBXBuildFile; fileRef = 3BE6E30C24BDCCD7009E18CB /* GoogleService-Info.plist */; };
		A1644E78BA7810DE3E33052E /* Pods_Messanger.framework in Frameworks */ = {isa = PBXBuildFile; fileRef = 8973DE67D95522F4D09EA7B3 /* Pods_Messanger.framework */; };
/* End PBXBuildFile section */

/* Begin PBXFileReference section */
		17A1F2F7E4E944DF8F709C86 /* Pods-Messanger.debug.xcconfig */ = {isa = PBXFileReference; includeInIndex = 1; lastKnownFileType = text.xcconfig; name = "Pods-Messanger.debug.xcconfig"; path = "Target Support Files/Pods-Messanger/Pods-Messanger.debug.xcconfig"; sourceTree = "<group>"; };
		3B5B945624B872C20003B3EC /* Messanger.app */ = {isa = PBXFileReference; explicitFileType = wrapper.application; includeInIndex = 0; path = Messanger.app; sourceTree = BUILT_PRODUCTS_DIR; };
		3B5B945924B872C20003B3EC /* AppDelegate.swift */ = {isa = PBXFileReference; lastKnownFileType = sourcecode.swift; path = AppDelegate.swift; sourceTree = "<group>"; };
		3B5B945B24B872C20003B3EC /* SceneDelegate.swift */ = {isa = PBXFileReference; lastKnownFileType = sourcecode.swift; path = SceneDelegate.swift; sourceTree = "<group>"; };
		3B5B945D24B872C20003B3EC /* ConversationsViewController.swift */ = {isa = PBXFileReference; lastKnownFileType = sourcecode.swift; path = ConversationsViewController.swift; sourceTree = "<group>"; };
		3B5B946024B872C20003B3EC /* Base */ = {isa = PBXFileReference; lastKnownFileType = file.storyboard; name = Base; path = Base.lproj/Main.storyboard; sourceTree = "<group>"; };
		3B5B946224B872C50003B3EC /* Assets.xcassets */ = {isa = PBXFileReference; lastKnownFileType = folder.assetcatalog; path = Assets.xcassets; sourceTree = "<group>"; };
		3B5B946524B872C50003B3EC /* Base */ = {isa = PBXFileReference; lastKnownFileType = file.storyboard; name = Base; path = Base.lproj/LaunchScreen.storyboard; sourceTree = "<group>"; };
		3B5B946724B872C50003B3EC /* Info.plist */ = {isa = PBXFileReference; lastKnownFileType = text.plist.xml; path = Info.plist; sourceTree = "<group>"; };
		3B5B947324B8745D0003B3EC /* LoginViewController.swift */ = {isa = PBXFileReference; lastKnownFileType = sourcecode.swift; path = LoginViewController.swift; sourceTree = "<group>"; };
		3B5B947524B874950003B3EC /* RegisterViewController.swift */ = {isa = PBXFileReference; lastKnownFileType = sourcecode.swift; path = RegisterViewController.swift; sourceTree = "<group>"; };
		3B5B947824B874CE0003B3EC /* PhotoViewerViewController.swift */ = {isa = PBXFileReference; lastKnownFileType = sourcecode.swift; path = PhotoViewerViewController.swift; sourceTree = "<group>"; };
		3B5B947B24B874F00003B3EC /* VideoPlayerViewController.swift */ = {isa = PBXFileReference; lastKnownFileType = sourcecode.swift; path = VideoPlayerViewController.swift; sourceTree = "<group>"; };
		3B5B947D24B8753B0003B3EC /* NewConversationViewController.swift */ = {isa = PBXFileReference; lastKnownFileType = sourcecode.swift; path = NewConversationViewController.swift; sourceTree = "<group>"; };
		3B5B947F24B875500003B3EC /* ProfileViewController.swift */ = {isa = PBXFileReference; lastKnownFileType = sourcecode.swift; path = ProfileViewController.swift; sourceTree = "<group>"; };
		3B6C5F8724E38EDD000349DD /* ConversationTableViewCell.swift */ = {isa = PBXFileReference; lastKnownFileType = sourcecode.swift; path = ConversationTableViewCell.swift; sourceTree = "<group>"; };
		3B6F91DC24C34AC5005D7C6E /* DatabaseManager.swift */ = {isa = PBXFileReference; lastKnownFileType = sourcecode.swift; path = DatabaseManager.swift; sourceTree = "<group>"; };
		3B9FA5B724CE9EAA0091651A /* ChatViewController.swift */ = {isa = PBXFileReference; lastKnownFileType = sourcecode.swift; path = ChatViewController.swift; sourceTree = "<group>"; };
		3BE2222824D1206E0066137C /* StorageManager.swift */ = {isa = PBXFileReference; lastKnownFileType = sourcecode.swift; path = StorageManager.swift; sourceTree = "<group>"; };
		3BE6E30C24BDCCD7009E18CB /* GoogleService-Info.plist */ = {isa = PBXFileReference; fileEncoding = 4; lastKnownFileType = text.plist.xml; path = "GoogleService-Info.plist"; sourceTree = "<group>"; };
		60C4612B838F48CA7F58FF3E /* Pods-Messanger.release.xcconfig */ = {isa = PBXFileReference; includeInIndex = 1; lastKnownFileType = text.xcconfig; name = "Pods-Messanger.release.xcconfig"; path = "Target Support Files/Pods-Messanger/Pods-Messanger.release.xcconfig"; sourceTree = "<group>"; };
		8973DE67D95522F4D09EA7B3 /* Pods_Messanger.framework */ = {isa = PBXFileReference; explicitFileType = wrapper.framework; includeInIndex = 0; path = Pods_Messanger.framework; sourceTree = BUILT_PRODUCTS_DIR; };
/* End PBXFileReference section */

/* Begin PBXFrameworksBuildPhase section */
		3B5B945324B872C20003B3EC /* Frameworks */ = {
			isa = PBXFrameworksBuildPhase;
			buildActionMask = 2147483647;
			files = (
				A1644E78BA7810DE3E33052E /* Pods_Messanger.framework in Frameworks */,
			);
			runOnlyForDeploymentPostprocessing = 0;
		};
/* End PBXFrameworksBuildPhase section */

/* Begin PBXGroup section */
		3B5B944D24B872C20003B3EC = {
			isa = PBXGroup;
			children = (
				3B5B945824B872C20003B3EC /* Messanger */,
				3B5B945724B872C20003B3EC /* Products */,
				576FCCC0396AD662B07794E1 /* Pods */,
				FF855E49A1B7F620B361DC4D /* Frameworks */,
			);
			sourceTree = "<group>";
		};
		3B5B945724B872C20003B3EC /* Products */ = {
			isa = PBXGroup;
			children = (
				3B5B945624B872C20003B3EC /* Messanger.app */,
			);
			name = Products;
			sourceTree = "<group>";
		};
		3B5B945824B872C20003B3EC /* Messanger */ = {
			isa = PBXGroup;
			children = (
				3BE6E30C24BDCCD7009E18CB /* GoogleService-Info.plist */,
				3B5B947124B873420003B3EC /* Resources */,
				3B5B947024B873250003B3EC /* ViewModels */,
				3B5B946E24B873020003B3EC /* Models */,
				3B5B946D24B872F10003B3EC /* Views */,
				3B5B946F24B8730D0003B3EC /* Controllers */,
				3B5B946724B872C50003B3EC /* Info.plist */,
			);
			path = Messanger;
			sourceTree = "<group>";
		};
		3B5B946D24B872F10003B3EC /* Views */ = {
			isa = PBXGroup;
			children = (
				3B5B947224B8738D0003B3EC /* Storyboards */,
				3B5B946224B872C50003B3EC /* Assets.xcassets */,
				3B6C5F8724E38EDD000349DD /* ConversationTableViewCell.swift */,
			);
			path = Views;
			sourceTree = "<group>";
		};
		3B5B946E24B873020003B3EC /* Models */ = {
			isa = PBXGroup;
			children = (
			);
			path = Models;
			sourceTree = "<group>";
		};
		3B5B946F24B8730D0003B3EC /* Controllers */ = {
			isa = PBXGroup;
			children = (
				3B5B945D24B872C20003B3EC /* ConversationsViewController.swift */,
				3B5B947724B8749C0003B3EC /* Login */,
				3B5B947F24B875500003B3EC /* ProfileViewController.swift */,
				3B5B947D24B8753B0003B3EC /* NewConversationViewController.swift */,
				3B5B947824B874CE0003B3EC /* PhotoViewerViewController.swift */,
				3B5B947B24B874F00003B3EC /* VideoPlayerViewController.swift */,
				3B9FA5B724CE9EAA0091651A /* ChatViewController.swift */,
			);
			path = Controllers;
			sourceTree = "<group>";
		};
		3B5B947024B873250003B3EC /* ViewModels */ = {
			isa = PBXGroup;
			children = (
			);
			path = ViewModels;
			sourceTree = "<group>";
		};
		3B5B947124B873420003B3EC /* Resources */ = {
			isa = PBXGroup;
			children = (
				3B5B945924B872C20003B3EC /* AppDelegate.swift */,
				3B5B945B24B872C20003B3EC /* SceneDelegate.swift */,
				3B6F91DC24C34AC5005D7C6E /* DatabaseManager.swift */,
				3BE2222824D1206E0066137C /* StorageManager.swift */,
			);
			path = Resources;
			sourceTree = "<group>";
		};
		3B5B947224B8738D0003B3EC /* Storyboards */ = {
			isa = PBXGroup;
			children = (
				3B5B945F24B872C20003B3EC /* Main.storyboard */,
				3B5B946424B872C50003B3EC /* LaunchScreen.storyboard */,
			);
			path = Storyboards;
			sourceTree = "<group>";
		};
		3B5B947724B8749C0003B3EC /* Login */ = {
			isa = PBXGroup;
			children = (
				3B5B947324B8745D0003B3EC /* LoginViewController.swift */,
				3B5B947524B874950003B3EC /* RegisterViewController.swift */,
			);
			path = Login;
			sourceTree = "<group>";
		};
		576FCCC0396AD662B07794E1 /* Pods */ = {
			isa = PBXGroup;
			children = (
				17A1F2F7E4E944DF8F709C86 /* Pods-Messanger.debug.xcconfig */,
				60C4612B838F48CA7F58FF3E /* Pods-Messanger.release.xcconfig */,
			);
			path = Pods;
			sourceTree = "<group>";
		};
		FF855E49A1B7F620B361DC4D /* Frameworks */ = {
			isa = PBXGroup;
			children = (
				8973DE67D95522F4D09EA7B3 /* Pods_Messanger.framework */,
			);
			name = Frameworks;
			sourceTree = "<group>";
		};
/* End PBXGroup section */

/* Begin PBXNativeTarget section */
		3B5B945524B872C20003B3EC /* Messanger */ = {
			isa = PBXNativeTarget;
			buildConfigurationList = 3B5B946A24B872C50003B3EC /* Build configuration list for PBXNativeTarget "Messanger" */;
			buildPhases = (
				5C453E3876CD5C24874EBD0D /* [CP] Check Pods Manifest.lock */,
				3B5B945224B872C20003B3EC /* Sources */,
				3B5B945324B872C20003B3EC /* Frameworks */,
				3B5B945424B872C20003B3EC /* Resources */,
				A804EEA25F938D8A13B56E58 /* [CP] Embed Pods Frameworks */,
				E1D4AE73732C94967C12BC33 /* [CP] Copy Pods Resources */,
			);
			buildRules = (
			);
			dependencies = (
			);
			name = Messanger;
			productName = Messanger;
			productReference = 3B5B945624B872C20003B3EC /* Messanger.app */;
			productType = "com.apple.product-type.application";
		};
/* End PBXNativeTarget section */

/* Begin PBXProject section */
		3B5B944E24B872C20003B3EC /* Project object */ = {
			isa = PBXProject;
			attributes = {
				LastSwiftUpdateCheck = 1130;
				LastUpgradeCheck = 1130;
				ORGANIZATIONNAME = "Creative Young";
				TargetAttributes = {
					3B5B945524B872C20003B3EC = {
						CreatedOnToolsVersion = 11.3.1;
					};
				};
			};
			buildConfigurationList = 3B5B945124B872C20003B3EC /* Build configuration list for PBXProject "Messanger" */;
			compatibilityVersion = "Xcode 9.3";
			developmentRegion = en;
			hasScannedForEncodings = 0;
			knownRegions = (
				en,
				Base,
			);
			mainGroup = 3B5B944D24B872C20003B3EC;
			productRefGroup = 3B5B945724B872C20003B3EC /* Products */;
			projectDirPath = "";
			projectRoot = "";
			targets = (
				3B5B945524B872C20003B3EC /* Messanger */,
			);
		};
/* End PBXProject section */

/* Begin PBXResourcesBuildPhase section */
		3B5B945424B872C20003B3EC /* Resources */ = {
			isa = PBXResourcesBuildPhase;
			buildActionMask = 2147483647;
			files = (
				3B5B946624B872C50003B3EC /* LaunchScreen.storyboard in Resources */,
				3BE6E30D24BDCCD7009E18CB /* GoogleService-Info.plist in Resources */,
				3B5B946324B872C50003B3EC /* Assets.xcassets in Resources */,
				3B5B946124B872C20003B3EC /* Main.storyboard in Resources */,
			);
			runOnlyForDeploymentPostprocessing = 0;
		};
/* End PBXResourcesBuildPhase section */

/* Begin PBXShellScriptBuildPhase section */
		5C453E3876CD5C24874EBD0D /* [CP] Check Pods Manifest.lock */ = {
			isa = PBXShellScriptBuildPhase;
			buildActionMask = 2147483647;
			files = (
			);
			inputFileListPaths = (
			);
			inputPaths = (
				"${PODS_PODFILE_DIR_PATH}/Podfile.lock",
				"${PODS_ROOT}/Manifest.lock",
			);
			name = "[CP] Check Pods Manifest.lock";
			outputFileListPaths = (
			);
			outputPaths = (
				"$(DERIVED_FILE_DIR)/Pods-Messanger-checkManifestLockResult.txt",
			);
			runOnlyForDeploymentPostprocessing = 0;
			shellPath = /bin/sh;
			shellScript = "diff \"${PODS_PODFILE_DIR_PATH}/Podfile.lock\" \"${PODS_ROOT}/Manifest.lock\" > /dev/null\nif [ $? != 0 ] ; then\n    # print error to STDERR\n    echo \"error: The sandbox is not in sync with the Podfile.lock. Run 'pod install' or update your CocoaPods installation.\" >&2\n    exit 1\nfi\n# This output is used by Xcode 'outputs' to avoid re-running this script phase.\necho \"SUCCESS\" > \"${SCRIPT_OUTPUT_FILE_0}\"\n";
			showEnvVarsInLog = 0;
		};
		A804EEA25F938D8A13B56E58 /* [CP] Embed Pods Frameworks */ = {
			isa = PBXShellScriptBuildPhase;
			buildActionMask = 2147483647;
			files = (
			);
			inputFileListPaths = (
				"${PODS_ROOT}/Target Support Files/Pods-Messanger/Pods-Messanger-frameworks-${CONFIGURATION}-input-files.xcfilelist",
			);
			name = "[CP] Embed Pods Frameworks";
			outputFileListPaths = (
				"${PODS_ROOT}/Target Support Files/Pods-Messanger/Pods-Messanger-frameworks-${CONFIGURATION}-output-files.xcfilelist",
			);
			runOnlyForDeploymentPostprocessing = 0;
			shellPath = /bin/sh;
			shellScript = "\"${PODS_ROOT}/Target Support Files/Pods-Messanger/Pods-Messanger-frameworks.sh\"\n";
			showEnvVarsInLog = 0;
		};
		E1D4AE73732C94967C12BC33 /* [CP] Copy Pods Resources */ = {
			isa = PBXShellScriptBuildPhase;
			buildActionMask = 2147483647;
			files = (
			);
			inputFileListPaths = (
				"${PODS_ROOT}/Target Support Files/Pods-Messanger/Pods-Messanger-resources-${CONFIGURATION}-input-files.xcfilelist",
			);
			name = "[CP] Copy Pods Resources";
			outputFileListPaths = (
				"${PODS_ROOT}/Target Support Files/Pods-Messanger/Pods-Messanger-resources-${CONFIGURATION}-output-files.xcfilelist",
			);
			runOnlyForDeploymentPostprocessing = 0;
			shellPath = /bin/sh;
			shellScript = "\"${PODS_ROOT}/Target Support Files/Pods-Messanger/Pods-Messanger-resources.sh\"\n";
			showEnvVarsInLog = 0;
		};
/* End PBXShellScriptBuildPhase section */

/* Begin PBXSourcesBuildPhase section */
		3B5B945224B872C20003B3EC /* Sources */ = {
			isa = PBXSourcesBuildPhase;
			buildActionMask = 2147483647;
			files = (
				3B5B947424B8745D0003B3EC /* LoginViewController.swift in Sources */,
				3B5B947624B874950003B3EC /* RegisterViewController.swift in Sources */,
				3B9FA5B824CE9EAA0091651A /* ChatViewController.swift in Sources */,
				3BE2222924D1206E0066137C /* StorageManager.swift in Sources */,
				3B6F91DD24C34AC5005D7C6E /* DatabaseManager.swift in Sources */,
				3B5B947E24B8753B0003B3EC /* NewConversationViewController.swift in Sources */,
				3B5B945E24B872C20003B3EC /* ConversationsViewController.swift in Sources */,
				3B5B947C24B874F00003B3EC /* VideoPlayerViewController.swift in Sources */,
				3B5B945A24B872C20003B3EC /* AppDelegate.swift in Sources */,
				3B6C5F8824E38EDD000349DD /* ConversationTableViewCell.swift in Sources */,
				3B5B948024B875500003B3EC /* ProfileViewController.swift in Sources */,
				3B5B945C24B872C20003B3EC /* SceneDelegate.swift in Sources */,
				3B5B947924B874CE0003B3EC /* PhotoViewerViewController.swift in Sources */,
			);
			runOnlyForDeploymentPostprocessing = 0;
		};
/* End PBXSourcesBuildPhase section */

/* Begin PBXVariantGroup section */
		3B5B945F24B872C20003B3EC /* Main.storyboard */ = {
			isa = PBXVariantGroup;
			children = (
				3B5B946024B872C20003B3EC /* Base */,
			);
			name = Main.storyboard;
			sourceTree = "<group>";
		};
		3B5B946424B872C50003B3EC /* LaunchScreen.storyboard */ = {
			isa = PBXVariantGroup;
			children = (
				3B5B946524B872C50003B3EC /* Base */,
			);
			name = LaunchScreen.storyboard;
			sourceTree = "<group>";
		};
/* End PBXVariantGroup section */

/* Begin XCBuildConfiguration section */
		3B5B946824B872C50003B3EC /* Debug */ = {
			isa = XCBuildConfiguration;
			buildSettings = {
				ALWAYS_SEARCH_USER_PATHS = NO;
				CLANG_ANALYZER_NONNULL = YES;
				CLANG_ANALYZER_NUMBER_OBJECT_CONVERSION = YES_AGGRESSIVE;
				CLANG_CXX_LANGUAGE_STANDARD = "gnu++14";
				CLANG_CXX_LIBRARY = "libc++";
				CLANG_ENABLE_MODULES = YES;
				CLANG_ENABLE_OBJC_ARC = YES;
				CLANG_ENABLE_OBJC_WEAK = YES;
				CLANG_WARN_BLOCK_CAPTURE_AUTORELEASING = YES;
				CLANG_WARN_BOOL_CONVERSION = YES;
				CLANG_WARN_COMMA = YES;
				CLANG_WARN_CONSTANT_CONVERSION = YES;
				CLANG_WARN_DEPRECATED_OBJC_IMPLEMENTATIONS = YES;
				CLANG_WARN_DIRECT_OBJC_ISA_USAGE = YES_ERROR;
				CLANG_WARN_DOCUMENTATION_COMMENTS = YES;
				CLANG_WARN_EMPTY_BODY = YES;
				CLANG_WARN_ENUM_CONVERSION = YES;
				CLANG_WARN_INFINITE_RECURSION = YES;
				CLANG_WARN_INT_CONVERSION = YES;
				CLANG_WARN_NON_LITERAL_NULL_CONVERSION = YES;
				CLANG_WARN_OBJC_IMPLICIT_RETAIN_SELF = YES;
				CLANG_WARN_OBJC_LITERAL_CONVERSION = YES;
				CLANG_WARN_OBJC_ROOT_CLASS = YES_ERROR;
				CLANG_WARN_RANGE_LOOP_ANALYSIS = YES;
				CLANG_WARN_STRICT_PROTOTYPES = YES;
				CLANG_WARN_SUSPICIOUS_MOVE = YES;
				CLANG_WARN_UNGUARDED_AVAILABILITY = YES_AGGRESSIVE;
				CLANG_WARN_UNREACHABLE_CODE = YES;
				CLANG_WARN__DUPLICATE_METHOD_MATCH = YES;
				COPY_PHASE_STRIP = NO;
				DEBUG_INFORMATION_FORMAT = dwarf;
				ENABLE_STRICT_OBJC_MSGSEND = YES;
				ENABLE_TESTABILITY = YES;
				GCC_C_LANGUAGE_STANDARD = gnu11;
				GCC_DYNAMIC_NO_PIC = NO;
				GCC_NO_COMMON_BLOCKS = YES;
				GCC_OPTIMIZATION_LEVEL = 0;
				GCC_PREPROCESSOR_DEFINITIONS = (
					"DEBUG=1",
					"$(inherited)",
				);
				GCC_WARN_64_TO_32_BIT_CONVERSION = YES;
				GCC_WARN_ABOUT_RETURN_TYPE = YES_ERROR;
				GCC_WARN_UNDECLARED_SELECTOR = YES;
				GCC_WARN_UNINITIALIZED_AUTOS = YES_AGGRESSIVE;
				GCC_WARN_UNUSED_FUNCTION = YES;
				GCC_WARN_UNUSED_VARIABLE = YES;
				IPHONEOS_DEPLOYMENT_TARGET = 13.2;
				MTL_ENABLE_DEBUG_INFO = INCLUDE_SOURCE;
				MTL_FAST_MATH = YES;
				ONLY_ACTIVE_ARCH = YES;
				SDKROOT = iphoneos;
				SWIFT_ACTIVE_COMPILATION_CONDITIONS = DEBUG;
				SWIFT_OPTIMIZATION_LEVEL = "-Onone";
			};
			name = Debug;
		};
		3B5B946924B872C50003B3EC /* Release */ = {
			isa = XCBuildConfiguration;
			buildSettings = {
				ALWAYS_SEARCH_USER_PATHS = NO;
				CLANG_ANALYZER_NONNULL = YES;
				CLANG_ANALYZER_NUMBER_OBJECT_CONVERSION = YES_AGGRESSIVE;
				CLANG_CXX_LANGUAGE_STANDARD = "gnu++14";
				CLANG_CXX_LIBRARY = "libc++";
				CLANG_ENABLE_MODULES = YES;
				CLANG_ENABLE_OBJC_ARC = YES;
				CLANG_ENABLE_OBJC_WEAK = YES;
				CLANG_WARN_BLOCK_CAPTURE_AUTORELEASING = YES;
				CLANG_WARN_BOOL_CONVERSION = YES;
				CLANG_WARN_COMMA = YES;
				CLANG_WARN_CONSTANT_CONVERSION = YES;
				CLANG_WARN_DEPRECATED_OBJC_IMPLEMENTATIONS = YES;
				CLANG_WARN_DIRECT_OBJC_ISA_USAGE = YES_ERROR;
				CLANG_WARN_DOCUMENTATION_COMMENTS = YES;
				CLANG_WARN_EMPTY_BODY = YES;
				CLANG_WARN_ENUM_CONVERSION = YES;
				CLANG_WARN_INFINITE_RECURSION = YES;
				CLANG_WARN_INT_CONVERSION = YES;
				CLANG_WARN_NON_LITERAL_NULL_CONVERSION = YES;
				CLANG_WARN_OBJC_IMPLICIT_RETAIN_SELF = YES;
				CLANG_WARN_OBJC_LITERAL_CONVERSION = YES;
				CLANG_WARN_OBJC_ROOT_CLASS = YES_ERROR;
				CLANG_WARN_RANGE_LOOP_ANALYSIS = YES;
				CLANG_WARN_STRICT_PROTOTYPES = YES;
				CLANG_WARN_SUSPICIOUS_MOVE = YES;
				CLANG_WARN_UNGUARDED_AVAILABILITY = YES_AGGRESSIVE;
				CLANG_WARN_UNREACHABLE_CODE = YES;
				CLANG_WARN__DUPLICATE_METHOD_MATCH = YES;
				COPY_PHASE_STRIP = NO;
				DEBUG_INFORMATION_FORMAT = "dwarf-with-dsym";
				ENABLE_NS_ASSERTIONS = NO;
				ENABLE_STRICT_OBJC_MSGSEND = YES;
				GCC_C_LANGUAGE_STANDARD = gnu11;
				GCC_NO_COMMON_BLOCKS = YES;
				GCC_WARN_64_TO_32_BIT_CONVERSION = YES;
				GCC_WARN_ABOUT_RETURN_TYPE = YES_ERROR;
				GCC_WARN_UNDECLARED_SELECTOR = YES;
				GCC_WARN_UNINITIALIZED_AUTOS = YES_AGGRESSIVE;
				GCC_WARN_UNUSED_FUNCTION = YES;
				GCC_WARN_UNUSED_VARIABLE = YES;
				IPHONEOS_DEPLOYMENT_TARGET = 13.2;
				MTL_ENABLE_DEBUG_INFO = NO;
				MTL_FAST_MATH = YES;
				SDKROOT = iphoneos;
				SWIFT_COMPILATION_MODE = wholemodule;
				SWIFT_OPTIMIZATION_LEVEL = "-O";
				VALIDATE_PRODUCT = YES;
			};
			name = Release;
		};
		3B5B946B24B872C50003B3EC /* Debug */ = {
			isa = XCBuildConfiguration;
			baseConfigurationReference = 17A1F2F7E4E944DF8F709C86 /* Pods-Messanger.debug.xcconfig */;
			buildSettings = {
				ASSETCATALOG_COMPILER_APPICON_NAME = AppIcon;
				CODE_SIGN_STYLE = Automatic;
				DEVELOPMENT_TEAM = 2XZ6WZZPUX;
				INFOPLIST_FILE = Messanger/Info.plist;
				LD_RUNPATH_SEARCH_PATHS = (
					"$(inherited)",
					"@executable_path/Frameworks",
				);
				PRODUCT_BUNDLE_IDENTIFIER = org.creativeyoung.Messanger;
				PRODUCT_NAME = "$(TARGET_NAME)";
				SWIFT_VERSION = 5.0;
				TARGETED_DEVICE_FAMILY = "1,2";
			};
			name = Debug;
		};
		3B5B946C24B872C50003B3EC /* Release */ = {
			isa = XCBuildConfiguration;
			baseConfigurationReference = 60C4612B838F48CA7F58FF3E /* Pods-Messanger.release.xcconfig */;
			buildSettings = {
				ASSETCATALOG_COMPILER_APPICON_NAME = AppIcon;
				CODE_SIGN_STYLE = Automatic;
				DEVELOPMENT_TEAM = 2XZ6WZZPUX;
				INFOPLIST_FILE = Messanger/Info.plist;
				LD_RUNPATH_SEARCH_PATHS = (
					"$(inherited)",
					"@executable_path/Frameworks",
				);
				PRODUCT_BUNDLE_IDENTIFIER = org.creativeyoung.Messanger;
				PRODUCT_NAME = "$(TARGET_NAME)";
				SWIFT_VERSION = 5.0;
				TARGETED_DEVICE_FAMILY = "1,2";
			};
			name = Release;
		};
/* End XCBuildConfiguration section */

/* Begin XCConfigurationList section */
		3B5B945124B872C20003B3EC /* Build configuration list for PBXProject "Messanger" */ = {
			isa = XCConfigurationList;
			buildConfigurations = (
				3B5B946824B872C50003B3EC /* Debug */,
				3B5B946924B872C50003B3EC /* Release */,
			);
			defaultConfigurationIsVisible = 0;
			defaultConfigurationName = Release;
		};
		3B5B946A24B872C50003B3EC /* Build configuration list for PBXNativeTarget "Messanger" */ = {
			isa = XCConfigurationList;
			buildConfigurations = (
				3B5B946B24B872C50003B3EC /* Debug */,
				3B5B946C24B872C50003B3EC /* Release */,
			);
			defaultConfigurationIsVisible = 0;
			defaultConfigurationName = Release;
		};
/* End XCConfigurationList section */
	};
	rootObject = 3B5B944E24B872C20003B3EC /* Project object */;
}
